
Microsoft Visual Studio Solution File, Format Version 12.00
# Visual Studio Version 17
VisualStudioVersion = 17.14.37328.6 d17.14
MinimumVisualStudioVersion = 10.0.40219.1
Project("{FAE04EC0-301F-11D3-BF4B-00C04F79EFBC}") = "DuskVillage", "DuskVillage\DuskVillage.csproj", "{3AD33095-6E76-449B-BAC2-E2CD2F4F5876}"
EndProject
Global
	GlobalSection(SolutionConfigurationPlatforms) = preSolution
		Debug|Any CPU = Debug|Any CPU
		Release|Any CPU = Release|Any CPU
	EndGlobalSection
	GlobalSection(ProjectConfigurationPlatforms) = postSolution
		{3AD33095-6E76-449B-BAC2-E2CD2F4F5876}.Debug|Any CPU.ActiveCfg = Debug|Any CPU
		{3AD33095-6E76-449B-BAC2-E2CD2F4F5876}.Debug|Any CPU.Build.0 = Debug|Any CPU
		{3AD33095-6E76-449B-BAC2-E2CD2F4F5876}.Release|Any CPU.ActiveCfg = Release|Any CPU
		{3AD33095-6E76-449B-BAC2-E2CD2F4F5876}.Release|Any CPU.Build.0 = Release|Any CPU
	EndGlobalSection
	GlobalSection(SolutionProperties) = preSolution
		HideSolutionNode = FALSE
	EndGlobalSection
	GlobalSection(ExtensibilityGlobals) = postSolution
		SolutionGuid = {5AC67E62-182C-4E0A-8B8B-A3C43AFB8623}
	EndGlobalSection
EndGlobal
